
Microsoft Visual Studio Solution File, Format Version 11.00
# Visual Studio 2010
Project("{FAE04EC0-301F-11D3-BF4B-00C04F79EFBC}") = "FrameworkInterface", "FrameworkInterface\FrameworkInterface.csproj", "{019E07C2-7C40-4A91-ABA7-FD6B325FC710}"
EndProject
Project("{FAE04EC0-301F-11D3-BF4B-00C04F79EFBC}") = "Framework", "Framework.csproj", "{8D3B3F25-C18D-4800-B258-2877AC831905}"
EndProject
Project("{FAE04EC0-301F-11D3-BF4B-00C04F79EFBC}") = "Core", "Core\Core.csproj", "{B5592F8B-B011-4FC0-BF55-27BEAFA557D7}"
EndProject
Project("{FAE04EC0-301F-11D3-BF4B-00C04F79EFBC}") = "FrameworkTest", "FrameworkTest\FrameworkTest.csproj", "{0901A75B-45B8-4512-8C09-6C0907502B35}"
EndProject
Project("{2150E333-8FDC-42A3-9474-1A3956D46DE8}") = "Solution Items", "Solution Items", "{50A613CF-CDB5-4A32-A749-8AC83BE2071F}"
	ProjectSection(SolutionItems) = preProject
		Dover.vsmdi = Dover.vsmdi
		Local.testsettings = Local.testsettings
		TraceAndTestImpact.testsettings = TraceAndTestImpact.testsettings
	EndProjectSection
EndProject
Project("{FAE04EC0-301F-11D3-BF4B-00C04F79EFBC}") = "I18NExample", "Examples\I18NExample\I18NExample.csproj", "{4465F9E1-01B6-4C37-BA7E-F10D384DDF90}"
EndProject
Project("{FAE04EC0-301F-11D3-BF4B-00C04F79EFBC}") = "I18NExampleWithLicense", "Examples\I18NExample\I18NExampleWithLicense.csproj", "{ED7AE78F-6354-4027-8E4A-4589558CBCFD}"
EndProject
Project("{FAE04EC0-301F-11D3-BF4B-00C04F79EFBC}") = "LicenseService", "LicenseService\LicenseService\LicenseService.csproj", "{B86A0ABB-8E67-40CF-8B0A-BDDE1E564959}"
EndProject
Global
	GlobalSection(TestCaseManagementSettings) = postSolution
		CategoryFile = Dover.vsmdi
	EndGlobalSection
	GlobalSection(SolutionConfigurationPlatforms) = preSolution
		Debug|Any CPU = Debug|Any CPU
		Debug|Mixed Platforms = Debug|Mixed Platforms
		Debug|x64 = Debug|x64
		Debug|x86 = Debug|x86
		Release|Any CPU = Release|Any CPU
		Release|Mixed Platforms = Release|Mixed Platforms
		Release|x64 = Release|x64
		Release|x86 = Release|x86
	EndGlobalSection
	GlobalSection(ProjectConfigurationPlatforms) = postSolution
		{019E07C2-7C40-4A91-ABA7-FD6B325FC710}.Debug|Any CPU.ActiveCfg = Debug|Any CPU
		{019E07C2-7C40-4A91-ABA7-FD6B325FC710}.Debug|Any CPU.Build.0 = Debug|Any CPU
		{019E07C2-7C40-4A91-ABA7-FD6B325FC710}.Debug|Mixed Platforms.ActiveCfg = Debug|Any CPU
		{019E07C2-7C40-4A91-ABA7-FD6B325FC710}.Debug|Mixed Platforms.Build.0 = Debug|Any CPU
		{019E07C2-7C40-4A91-ABA7-FD6B325FC710}.Debug|x64.ActiveCfg = Debug|Any CPU
		{019E07C2-7C40-4A91-ABA7-FD6B325FC710}.Debug|x64.Build.0 = Debug|Any CPU
		{019E07C2-7C40-4A91-ABA7-FD6B325FC710}.Debug|x86.ActiveCfg = Release|Any CPU
		{019E07C2-7C40-4A91-ABA7-FD6B325FC710}.Debug|x86.Build.0 = Release|Any CPU
		{019E07C2-7C40-4A91-ABA7-FD6B325FC710}.Release|Any CPU.ActiveCfg = Release|Any CPU
		{019E07C2-7C40-4A91-ABA7-FD6B325FC710}.Release|Any CPU.Build.0 = Release|Any CPU
		{019E07C2-7C40-4A91-ABA7-FD6B325FC710}.Release|Mixed Platforms.ActiveCfg = Release|Any CPU
		{019E07C2-7C40-4A91-ABA7-FD6B325FC710}.Release|Mixed Platforms.Build.0 = Release|Any CPU
		{019E07C2-7C40-4A91-ABA7-FD6B325FC710}.Release|x64.ActiveCfg = Release|Any CPU
		{019E07C2-7C40-4A91-ABA7-FD6B325FC710}.Release|x64.Build.0 = Release|Any CPU
		{019E07C2-7C40-4A91-ABA7-FD6B325FC710}.Release|x86.ActiveCfg = Release|Any CPU
		{019E07C2-7C40-4A91-ABA7-FD6B325FC710}.Release|x86.Build.0 = Release|Any CPU
		{8D3B3F25-C18D-4800-B258-2877AC831905}.Debug|Any CPU.ActiveCfg = Debug|Any CPU
		{8D3B3F25-C18D-4800-B258-2877AC831905}.Debug|Any CPU.Build.0 = Debug|Any CPU
		{8D3B3F25-C18D-4800-B258-2877AC831905}.Debug|Mixed Platforms.ActiveCfg = Debug|Any CPU
		{8D3B3F25-C18D-4800-B258-2877AC831905}.Debug|Mixed Platforms.Build.0 = Debug|Any CPU
		{8D3B3F25-C18D-4800-B258-2877AC831905}.Debug|x64.ActiveCfg = Debug|Any CPU
		{8D3B3F25-C18D-4800-B258-2877AC831905}.Debug|x64.Build.0 = Debug|Any CPU
		{8D3B3F25-C18D-4800-B258-2877AC831905}.Debug|x86.ActiveCfg = Release|Any CPU
		{8D3B3F25-C18D-4800-B258-2877AC831905}.Debug|x86.Build.0 = Release|Any CPU
		{8D3B3F25-C18D-4800-B258-2877AC831905}.Release|Any CPU.ActiveCfg = Release|Any CPU
		{8D3B3F25-C18D-4800-B258-2877AC831905}.Release|Any CPU.Build.0 = Release|Any CPU
		{8D3B3F25-C18D-4800-B258-2877AC831905}.Release|Mixed Platforms.ActiveCfg = Release|Any CPU
		{8D3B3F25-C18D-4800-B258-2877AC831905}.Release|Mixed Platforms.Build.0 = Release|Any CPU
		{8D3B3F25-C18D-4800-B258-2877AC831905}.Release|x64.ActiveCfg = Release|Any CPU
		{8D3B3F25-C18D-4800-B258-2877AC831905}.Release|x64.Build.0 = Release|Any CPU
		{8D3B3F25-C18D-4800-B258-2877AC831905}.Release|x86.ActiveCfg = Release|Any CPU
		{8D3B3F25-C18D-4800-B258-2877AC831905}.Release|x86.Build.0 = Release|Any CPU
		{B5592F8B-B011-4FC0-BF55-27BEAFA557D7}.Debug|Any CPU.ActiveCfg = Debug|x64
		{B5592F8B-B011-4FC0-BF55-27BEAFA557D7}.Debug|Mixed Platforms.ActiveCfg = Debug|x86
		{B5592F8B-B011-4FC0-BF55-27BEAFA557D7}.Debug|Mixed Platforms.Build.0 = Debug|x86
		{B5592F8B-B011-4FC0-BF55-27BEAFA557D7}.Debug|x64.ActiveCfg = Debug|x64
		{B5592F8B-B011-4FC0-BF55-27BEAFA557D7}.Debug|x64.Build.0 = Debug|x64
		{B5592F8B-B011-4FC0-BF55-27BEAFA557D7}.Debug|x86.ActiveCfg = Release|x86
		{B5592F8B-B011-4FC0-BF55-27BEAFA557D7}.Debug|x86.Build.0 = Release|x86
		{B5592F8B-B011-4FC0-BF55-27BEAFA557D7}.Release|Any CPU.ActiveCfg = Release|x64
		{B5592F8B-B011-4FC0-BF55-27BEAFA557D7}.Release|Mixed Platforms.ActiveCfg = Release|x64
		{B5592F8B-B011-4FC0-BF55-27BEAFA557D7}.Release|Mixed Platforms.Build.0 = Release|x64
		{B5592F8B-B011-4FC0-BF55-27BEAFA557D7}.Release|x64.ActiveCfg = Release|x64
		{B5592F8B-B011-4FC0-BF55-27BEAFA557D7}.Release|x64.Build.0 = Release|x64
		{B5592F8B-B011-4FC0-BF55-27BEAFA557D7}.Release|x86.ActiveCfg = Release|x86
		{B5592F8B-B011-4FC0-BF55-27BEAFA557D7}.Release|x86.Build.0 = Release|x86
		{0901A75B-45B8-4512-8C09-6C0907502B35}.Debug|Any CPU.ActiveCfg = Debug|Any CPU
		{0901A75B-45B8-4512-8C09-6C0907502B35}.Debug|Any CPU.Build.0 = Debug|Any CPU
		{0901A75B-45B8-4512-8C09-6C0907502B35}.Debug|Mixed Platforms.ActiveCfg = Debug|Any CPU
		{0901A75B-45B8-4512-8C09-6C0907502B35}.Debug|Mixed Platforms.Build.0 = Debug|Any CPU
		{0901A75B-45B8-4512-8C09-6C0907502B35}.Debug|x64.ActiveCfg = Debug|Any CPU
		{0901A75B-45B8-4512-8C09-6C0907502B35}.Debug|x86.ActiveCfg = Debug|Any CPU
		{0901A75B-45B8-4512-8C09-6C0907502B35}.Release|Any CPU.ActiveCfg = Release|Any CPU
		{0901A75B-45B8-4512-8C09-6C0907502B35}.Release|Any CPU.Build.0 = Release|Any CPU
		{0901A75B-45B8-4512-8C09-6C0907502B35}.Release|Mixed Platforms.ActiveCfg = Release|Any CPU
		{0901A75B-45B8-4512-8C09-6C0907502B35}.Release|Mixed Platforms.Build.0 = Release|Any CPU
		{0901A75B-45B8-4512-8C09-6C0907502B35}.Release|x64.ActiveCfg = Release|Any CPU
		{0901A75B-45B8-4512-8C09-6C0907502B35}.Release|x86.ActiveCfg = Release|Any CPU
		{4465F9E1-01B6-4C37-BA7E-F10D384DDF90}.Debug|Any CPU.ActiveCfg = Debug|Any CPU
		{4465F9E1-01B6-4C37-BA7E-F10D384DDF90}.Debug|Any CPU.Build.0 = Debug|Any CPU
		{4465F9E1-01B6-4C37-BA7E-F10D384DDF90}.Debug|Mixed Platforms.ActiveCfg = Debug|Any CPU
		{4465F9E1-01B6-4C37-BA7E-F10D384DDF90}.Debug|Mixed Platforms.Build.0 = Debug|Any CPU
		{4465F9E1-01B6-4C37-BA7E-F10D384DDF90}.Debug|x64.ActiveCfg = Debug|Any CPU
		{4465F9E1-01B6-4C37-BA7E-F10D384DDF90}.Debug|x86.ActiveCfg = Debug|Any CPU
		{4465F9E1-01B6-4C37-BA7E-F10D384DDF90}.Release|Any CPU.ActiveCfg = Release|Any CPU
		{4465F9E1-01B6-4C37-BA7E-F10D384DDF90}.Release|Any CPU.Build.0 = Release|Any CPU
		{4465F9E1-01B6-4C37-BA7E-F10D384DDF90}.Release|Mixed Platforms.ActiveCfg = Release|Any CPU
		{4465F9E1-01B6-4C37-BA7E-F10D384DDF90}.Release|Mixed Platforms.Build.0 = Release|Any CPU
		{4465F9E1-01B6-4C37-BA7E-F10D384DDF90}.Release|x64.ActiveCfg = Release|Any CPU
		{4465F9E1-01B6-4C37-BA7E-F10D384DDF90}.Release|x86.ActiveCfg = Release|Any CPU
		{ED7AE78F-6354-4027-8E4A-4589558CBCFD}.Debug|Any CPU.ActiveCfg = Debug|Any CPU
		{ED7AE78F-6354-4027-8E4A-4589558CBCFD}.Debug|Any CPU.Build.0 = Debug|Any CPU
		{ED7AE78F-6354-4027-8E4A-4589558CBCFD}.Debug|Mixed Platforms.ActiveCfg = Debug|Any CPU
		{ED7AE78F-6354-4027-8E4A-4589558CBCFD}.Debug|Mixed Platforms.Build.0 = Debug|Any CPU
		{ED7AE78F-6354-4027-8E4A-4589558CBCFD}.Debug|x64.ActiveCfg = Debug|Any CPU
		{ED7AE78F-6354-4027-8E4A-4589558CBCFD}.Debug|x86.ActiveCfg = Debug|Any CPU
		{ED7AE78F-6354-4027-8E4A-4589558CBCFD}.Release|Any CPU.ActiveCfg = Release|Any CPU
		{ED7AE78F-6354-4027-8E4A-4589558CBCFD}.Release|Any CPU.Build.0 = Release|Any CPU
		{ED7AE78F-6354-4027-8E4A-4589558CBCFD}.Release|Mixed Platforms.ActiveCfg = Release|Any CPU
		{ED7AE78F-6354-4027-8E4A-4589558CBCFD}.Release|Mixed Platforms.Build.0 = Release|Any CPU
		{ED7AE78F-6354-4027-8E4A-4589558CBCFD}.Release|x64.ActiveCfg = Release|Any CPU
		{ED7AE78F-6354-4027-8E4A-4589558CBCFD}.Release|x86.ActiveCfg = Release|Any CPU
		{B86A0ABB-8E67-40CF-8B0A-BDDE1E564959}.Debug|Any CPU.ActiveCfg = Debug|Any CPU
		{B86A0ABB-8E67-40CF-8B0A-BDDE1E564959}.Debug|Any CPU.Build.0 = Debug|Any CPU
		{B86A0ABB-8E67-40CF-8B0A-BDDE1E564959}.Debug|Mixed Platforms.ActiveCfg = Debug|Any CPU
		{B86A0ABB-8E67-40CF-8B0A-BDDE1E564959}.Debug|Mixed Platforms.Build.0 = Debug|Any CPU
		{B86A0ABB-8E67-40CF-8B0A-BDDE1E564959}.Debug|x64.ActiveCfg = Debug|Any CPU
		{B86A0ABB-8E67-40CF-8B0A-BDDE1E564959}.Debug|x86.ActiveCfg = Debug|Any CPU
		{B86A0ABB-8E67-40CF-8B0A-BDDE1E564959}.Release|Any CPU.ActiveCfg = Release|Any CPU
		{B86A0ABB-8E67-40CF-8B0A-BDDE1E564959}.Release|Any CPU.Build.0 = Release|Any CPU
		{B86A0ABB-8E67-40CF-8B0A-BDDE1E564959}.Release|Mixed Platforms.ActiveCfg = Release|Any CPU
		{B86A0ABB-8E67-40CF-8B0A-BDDE1E564959}.Release|Mixed Platforms.Build.0 = Release|Any CPU
		{B86A0ABB-8E67-40CF-8B0A-BDDE1E564959}.Release|x64.ActiveCfg = Release|Any CPU
		{B86A0ABB-8E67-40CF-8B0A-BDDE1E564959}.Release|x86.ActiveCfg = Release|Any CPU
	EndGlobalSection
	GlobalSection(SolutionProperties) = preSolution
		HideSolutionNode = FALSE
	EndGlobalSection
EndGlobal
